// !$*UTF8*$!
{
	archiveVersion = 1;
	classes = {
	};
	objectVersion = 56;
	objects = {

/* Begin PBXBuildFile section */
		468EE1F1E7AD5F99B8388EA0 /* Pods_Images_search.framework in Frameworks */ = {isa = PBXBuildFile; fileRef = 4AE1253E164F6D0442419638 /* Pods_Images_search.framework */; };
		F06B4F112A6F04B9003D6046 /* ImageZoomVC.swift in Sources */ = {isa = PBXBuildFile; fileRef = F06B4F102A6F04B9003D6046 /* ImageZoomVC.swift */; };
		F0855B652A667BE900405006 /* ImageGridCell.swift in Sources */ = {isa = PBXBuildFile; fileRef = F0855B632A667BE900405006 /* ImageGridCell.swift */; };
		F0855B662A667BE900405006 /* ImageGridCell.xib in Resources */ = {isa = PBXBuildFile; fileRef = F0855B642A667BE900405006 /* ImageGridCell.xib */; };
		F08871982A614E2300161EB7 /* PixabayResponse.swift in Sources */ = {isa = PBXBuildFile; fileRef = F08871972A614E2300161EB7 /* PixabayResponse.swift */; };
		F088719A2A614FD100161EB7 /* APIService.swift in Sources */ = {isa = PBXBuildFile; fileRef = F08871992A614FD100161EB7 /* APIService.swift */; };
		F09159162A6B0D9D0084CE77 /* BaseVC.swift in Sources */ = {isa = PBXBuildFile; fileRef = F09159152A6B0D9D0084CE77 /* BaseVC.swift */; };
		F09BCF6C2A5F381600058E42 /* SearchResultsVC.swift in Sources */ = {isa = PBXBuildFile; fileRef = F09BCF6B2A5F381600058E42 /* SearchResultsVC.swift */; };
		F09BCF6E2A5F391B00058E42 /* ImagePageVC.swift in Sources */ = {isa = PBXBuildFile; fileRef = F09BCF6D2A5F391B00058E42 /* ImagePageVC.swift */; };
		F0C9BBD72A5EA63100C8F5FD /* AppDelegate.swift in Sources */ = {isa = PBXBuildFile; fileRef = F0C9BBD62A5EA63100C8F5FD /* AppDelegate.swift */; };
		F0C9BBD92A5EA63100C8F5FD /* SceneDelegate.swift in Sources */ = {isa = PBXBuildFile; fileRef = F0C9BBD82A5EA63100C8F5FD /* SceneDelegate.swift */; };
		F0C9BBDB2A5EA63100C8F5FD /* SearchVC.swift in Sources */ = {isa = PBXBuildFile; fileRef = F0C9BBDA2A5EA63100C8F5FD /* SearchVC.swift */; };
		F0C9BBDE2A5EA63100C8F5FD /* Main.storyboard in Resources */ = {isa = PBXBuildFile; fileRef = F0C9BBDC2A5EA63100C8F5FD /* Main.storyboard */; };
		F0C9BBE02A5EA63400C8F5FD /* Assets.xcassets in Resources */ = {isa = PBXBuildFile; fileRef = F0C9BBDF2A5EA63400C8F5FD /* Assets.xcassets */; };
		F0C9BBE32A5EA63400C8F5FD /* LaunchScreen.storyboard in Resources */ = {isa = PBXBuildFile; fileRef = F0C9BBE12A5EA63400C8F5FD /* LaunchScreen.storyboard */; };
		F0CD40532A7193770080E013 /* PreviewCell.swift in Sources */ = {isa = PBXBuildFile; fileRef = F0CD40512A7193770080E013 /* PreviewCell.swift */; };
		F0CD40542A7193770080E013 /* PreviewCell.xib in Resources */ = {isa = PBXBuildFile; fileRef = F0CD40522A7193770080E013 /* PreviewCell.xib */; };
		F0D132332A61CBD10023FBE8 /* SelectImageTypeTableVC.swift in Sources */ = {isa = PBXBuildFile; fileRef = F0D132322A61CBD10023FBE8 /* SelectImageTypeTableVC.swift */; };
		F0D132352A65479C0023FBE8 /* ImageCacheService.swift in Sources */ = {isa = PBXBuildFile; fileRef = F0D132342A65479C0023FBE8 /* ImageCacheService.swift */; };
		F0DDB6DA2A65672D00A86BC1 /* SearchManager.swift in Sources */ = {isa = PBXBuildFile; fileRef = F0DDB6D92A65672D00A86BC1 /* SearchManager.swift */; };
		F0F7B70A2A671EE3001F39BC /* FilterCell.swift in Sources */ = {isa = PBXBuildFile; fileRef = F0F7B7082A671EE3001F39BC /* FilterCell.swift */; };
		F0F7B70B2A671EE3001F39BC /* FilterCell.xib in Resources */ = {isa = PBXBuildFile; fileRef = F0F7B7092A671EE3001F39BC /* FilterCell.xib */; };
		F0F7B70D2A6817DD001F39BC /* PopoverPresenter.swift in Sources */ = {isa = PBXBuildFile; fileRef = F0F7B70C2A6817DD001F39BC /* PopoverPresenter.swift */; };
/* End PBXBuildFile section */

/* Begin PBXFileReference section */
		205375BB9877D4340F0B4186 /* Pods-Images search.debug.xcconfig */ = {isa = PBXFileReference; includeInIndex = 1; lastKnownFileType = text.xcconfig; name = "Pods-Images search.debug.xcconfig"; path = "Target Support Files/Pods-Images search/Pods-Images search.debug.xcconfig"; sourceTree = "<group>"; };
		4AE1253E164F6D0442419638 /* Pods_Images_search.framework */ = {isa = PBXFileReference; explicitFileType = wrapper.framework; includeInIndex = 0; path = Pods_Images_search.framework; sourceTree = BUILT_PRODUCTS_DIR; };
		F06B4F102A6F04B9003D6046 /* ImageZoomVC.swift */ = {isa = PBXFileReference; lastKnownFileType = sourcecode.swift; path = ImageZoomVC.swift; sourceTree = "<group>"; };
		F0855B632A667BE900405006 /* ImageGridCell.swift */ = {isa = PBXFileReference; lastKnownFileType = sourcecode.swift; path = ImageGridCell.swift; sourceTree = "<group>"; };
		F0855B642A667BE900405006 /* ImageGridCell.xib */ = {isa = PBXFileReference; lastKnownFileType = file.xib; path = ImageGridCell.xib; sourceTree = "<group>"; };
		F08871972A614E2300161EB7 /* PixabayResponse.swift */ = {isa = PBXFileReference; lastKnownFileType = sourcecode.swift; path = PixabayResponse.swift; sourceTree = "<group>"; };
		F08871992A614FD100161EB7 /* APIService.swift */ = {isa = PBXFileReference; lastKnownFileType = sourcecode.swift; path = APIService.swift; sourceTree = "<group>"; };
		F09159152A6B0D9D0084CE77 /* BaseVC.swift */ = {isa = PBXFileReference; lastKnownFileType = sourcecode.swift; path = BaseVC.swift; sourceTree = "<group>"; };
		F09BCF6B2A5F381600058E42 /* SearchResultsVC.swift */ = {isa = PBXFileReference; lastKnownFileType = sourcecode.swift; path = SearchResultsVC.swift; sourceTree = "<group>"; };
		F09BCF6D2A5F391B00058E42 /* ImagePageVC.swift */ = {isa = PBXFileReference; lastKnownFileType = sourcecode.swift; path = ImagePageVC.swift; sourceTree = "<group>"; };
		F0C9BBD32A5EA63100C8F5FD /* Images search.app */ = {isa = PBXFileReference; explicitFileType = wrapper.application; includeInIndex = 0; path = "Images search.app"; sourceTree = BUILT_PRODUCTS_DIR; };
		F0C9BBD62A5EA63100C8F5FD /* AppDelegate.swift */ = {isa = PBXFileReference; lastKnownFileType = sourcecode.swift; path = AppDelegate.swift; sourceTree = "<group>"; };
		F0C9BBD82A5EA63100C8F5FD /* SceneDelegate.swift */ = {isa = PBXFileReference; lastKnownFileType = sourcecode.swift; path = SceneDelegate.swift; sourceTree = "<group>"; };
		F0C9BBDA2A5EA63100C8F5FD /* SearchVC.swift */ = {isa = PBXFileReference; lastKnownFileType = sourcecode.swift; path = SearchVC.swift; sourceTree = "<group>"; };
		F0C9BBDD2A5EA63100C8F5FD /* Base */ = {isa = PBXFileReference; lastKnownFileType = file.storyboard; name = Base; path = Base.lproj/Main.storyboard; sourceTree = "<group>"; };
		F0C9BBDF2A5EA63400C8F5FD /* Assets.xcassets */ = {isa = PBXFileReference; lastKnownFileType = folder.assetcatalog; path = Assets.xcassets; sourceTree = "<group>"; };
		F0C9BBE22A5EA63400C8F5FD /* Base */ = {isa = PBXFileReference; lastKnownFileType = file.storyboard; name = Base; path = Base.lproj/LaunchScreen.storyboard; sourceTree = "<group>"; };
		F0C9BBE42A5EA63400C8F5FD /* Info.plist */ = {isa = PBXFileReference; lastKnownFileType = text.plist.xml; path = Info.plist; sourceTree = "<group>"; };
		F0CD40512A7193770080E013 /* PreviewCell.swift */ = {isa = PBXFileReference; lastKnownFileType = sourcecode.swift; path = PreviewCell.swift; sourceTree = "<group>"; };
		F0CD40522A7193770080E013 /* PreviewCell.xib */ = {isa = PBXFileReference; lastKnownFileType = file.xib; path = PreviewCell.xib; sourceTree = "<group>"; };
		F0D132322A61CBD10023FBE8 /* SelectImageTypeTableVC.swift */ = {isa = PBXFileReference; lastKnownFileType = sourcecode.swift; path = SelectImageTypeTableVC.swift; sourceTree = "<group>"; };
		F0D132342A65479C0023FBE8 /* ImageCacheService.swift */ = {isa = PBXFileReference; lastKnownFileType = sourcecode.swift; path = ImageCacheService.swift; sourceTree = "<group>"; };
		F0DDB6D92A65672D00A86BC1 /* SearchManager.swift */ = {isa = PBXFileReference; lastKnownFileType = sourcecode.swift; path = SearchManager.swift; sourceTree = "<group>"; };
		F0F7B7082A671EE3001F39BC /* FilterCell.swift */ = {isa = PBXFileReference; lastKnownFileType = sourcecode.swift; path = FilterCell.swift; sourceTree = "<group>"; };
		F0F7B7092A671EE3001F39BC /* FilterCell.xib */ = {isa = PBXFileReference; lastKnownFileType = file.xib; path = FilterCell.xib; sourceTree = "<group>"; };
		F0F7B70C2A6817DD001F39BC /* PopoverPresenter.swift */ = {isa = PBXFileReference; lastKnownFileType = sourcecode.swift; path = PopoverPresenter.swift; sourceTree = "<group>"; };
		FADB470C8862F752CBBA8996 /* Pods-Images search.release.xcconfig */ = {isa = PBXFileReference; includeInIndex = 1; lastKnownFileType = text.xcconfig; name = "Pods-Images search.release.xcconfig"; path = "Target Support Files/Pods-Images search/Pods-Images search.release.xcconfig"; sourceTree = "<group>"; };
/* End PBXFileReference section */

/* Begin PBXFrameworksBuildPhase section */
		F0C9BBD02A5EA63100C8F5FD /* Frameworks */ = {
			isa = PBXFrameworksBuildPhase;
			buildActionMask = 2147483647;
			files = (
				468EE1F1E7AD5F99B8388EA0 /* Pods_Images_search.framework in Frameworks */,
			);
			runOnlyForDeploymentPostprocessing = 0;
		};
/* End PBXFrameworksBuildPhase section */

/* Begin PBXGroup section */
		3C23783198A1C6463C4A4730 /* Frameworks */ = {
			isa = PBXGroup;
			children = (
				4AE1253E164F6D0442419638 /* Pods_Images_search.framework */,
			);
			name = Frameworks;
			sourceTree = "<group>";
		};
		9B49D6A676EE8A9BF46A0FDD /* Pods */ = {
			isa = PBXGroup;
			children = (
				205375BB9877D4340F0B4186 /* Pods-Images search.debug.xcconfig */,
				FADB470C8862F752CBBA8996 /* Pods-Images search.release.xcconfig */,
			);
			path = Pods;
			sourceTree = "<group>";
		};
		F0855B622A667B8D00405006 /* ImageGridCell */ = {
			isa = PBXGroup;
			children = (
				F0855B632A667BE900405006 /* ImageGridCell.swift */,
				F0855B642A667BE900405006 /* ImageGridCell.xib */,
			);
			path = ImageGridCell;
			sourceTree = "<group>";
		};
		F0C9BBCA2A5EA63100C8F5FD = {
			isa = PBXGroup;
			children = (
				F0C9BBD52A5EA63100C8F5FD /* Images search */,
				F0C9BBD42A5EA63100C8F5FD /* Products */,
				9B49D6A676EE8A9BF46A0FDD /* Pods */,
				3C23783198A1C6463C4A4730 /* Frameworks */,
			);
			sourceTree = "<group>";
		};
		F0C9BBD42A5EA63100C8F5FD /* Products */ = {
			isa = PBXGroup;
			children = (
				F0C9BBD32A5EA63100C8F5FD /* Images search.app */,
			);
			name = Products;
			sourceTree = "<group>";
		};
		F0C9BBD52A5EA63100C8F5FD /* Images search */ = {
			isa = PBXGroup;
			children = (
				F0C9BBD62A5EA63100C8F5FD /* AppDelegate.swift */,
				F0C9BBD82A5EA63100C8F5FD /* SceneDelegate.swift */,
				F0F7B7062A6706FB001F39BC /* Controller */,
				F0F7B7052A6706BE001F39BC /* Layout */,
				F0C9BBE12A5EA63400C8F5FD /* LaunchScreen.storyboard */,
				F08871972A614E2300161EB7 /* PixabayResponse.swift */,
				F08871992A614FD100161EB7 /* APIService.swift */,
				F0D132342A65479C0023FBE8 /* ImageCacheService.swift */,
				F0DDB6D92A65672D00A86BC1 /* SearchManager.swift */,
				F0C9BBDF2A5EA63400C8F5FD /* Assets.xcassets */,
				F0C9BBE42A5EA63400C8F5FD /* Info.plist */,
				F0F7B70C2A6817DD001F39BC /* PopoverPresenter.swift */,
			);
			path = "Images search";
			sourceTree = "<group>";
		};
		F0CD40502A7192FB0080E013 /* PreviewCell */ = {
			isa = PBXGroup;
			children = (
				F0CD40512A7193770080E013 /* PreviewCell.swift */,
				F0CD40522A7193770080E013 /* PreviewCell.xib */,
			);
			path = PreviewCell;
			sourceTree = "<group>";
		};
		F0F7B7052A6706BE001F39BC /* Layout */ = {
			isa = PBXGroup;
			children = (
				F0C9BBDC2A5EA63100C8F5FD /* Main.storyboard */,
				F0855B622A667B8D00405006 /* ImageGridCell */,
				F0F7B7072A671EC6001F39BC /* FilterCell */,
				F0CD40502A7192FB0080E013 /* PreviewCell */,
			);
			path = Layout;
			sourceTree = "<group>";
		};
		F0F7B7062A6706FB001F39BC /* Controller */ = {
			isa = PBXGroup;
			children = (
				F0C9BBDA2A5EA63100C8F5FD /* SearchVC.swift */,
				F09BCF6B2A5F381600058E42 /* SearchResultsVC.swift */,
				F09BCF6D2A5F391B00058E42 /* ImagePageVC.swift */,
				F06B4F102A6F04B9003D6046 /* ImageZoomVC.swift */,
				F09159152A6B0D9D0084CE77 /* BaseVC.swift */,
				F0D132322A61CBD10023FBE8 /* SelectImageTypeTableVC.swift */,
			);
			path = Controller;
			sourceTree = "<group>";
		};
		F0F7B7072A671EC6001F39BC /* FilterCell */ = {
			isa = PBXGroup;
			children = (
				F0F7B7082A671EE3001F39BC /* FilterCell.swift */,
				F0F7B7092A671EE3001F39BC /* FilterCell.xib */,
			);
			path = FilterCell;
			sourceTree = "<group>";
		};
/* End PBXGroup section */

/* Begin PBXNativeTarget section */
		F0C9BBD22A5EA63100C8F5FD /* Images search */ = {
			isa = PBXNativeTarget;
			buildConfigurationList = F0C9BBE72A5EA63400C8F5FD /* Build configuration list for PBXNativeTarget "Images search" */;
			buildPhases = (
				01F4BD7AC17CD1C7CB17BE12 /* [CP] Check Pods Manifest.lock */,
				F0C9BBCF2A5EA63100C8F5FD /* Sources */,
				F0C9BBD02A5EA63100C8F5FD /* Frameworks */,
				F0C9BBD12A5EA63100C8F5FD /* Resources */,
				6EF7B6BFCABF692AB8B01D69 /* [CP] Embed Pods Frameworks */,
			);
			buildRules = (
			);
			dependencies = (
			);
			name = "Images search";
			productName = "Images search";
			productReference = F0C9BBD32A5EA63100C8F5FD /* Images search.app */;
			productType = "com.apple.product-type.application";
		};
/* End PBXNativeTarget section */

/* Begin PBXProject section */
		F0C9BBCB2A5EA63100C8F5FD /* Project object */ = {
			isa = PBXProject;
			attributes = {
				BuildIndependentTargetsInParallel = 1;
				LastSwiftUpdateCheck = 1420;
				LastUpgradeCheck = 1420;
				TargetAttributes = {
					F0C9BBD22A5EA63100C8F5FD = {
						CreatedOnToolsVersion = 14.2;
					};
				};
			};
			buildConfigurationList = F0C9BBCE2A5EA63100C8F5FD /* Build configuration list for PBXProject "Images search" */;
			compatibilityVersion = "Xcode 14.0";
			developmentRegion = en;
			hasScannedForEncodings = 0;
			knownRegions = (
				en,
				Base,
			);
			mainGroup = F0C9BBCA2A5EA63100C8F5FD;
			productRefGroup = F0C9BBD42A5EA63100C8F5FD /* Products */;
			projectDirPath = "";
			projectRoot = "";
			targets = (
				F0C9BBD22A5EA63100C8F5FD /* Images search */,
			);
		};
/* End PBXProject section */

/* Begin PBXResourcesBuildPhase section */
		F0C9BBD12A5EA63100C8F5FD /* Resources */ = {
			isa = PBXResourcesBuildPhase;
			buildActionMask = 2147483647;
			files = (
				F0C9BBE32A5EA63400C8F5FD /* LaunchScreen.storyboard in Resources */,
				F0C9BBE02A5EA63400C8F5FD /* Assets.xcassets in Resources */,
				F0C9BBDE2A5EA63100C8F5FD /* Main.storyboard in Resources */,
				F0855B662A667BE900405006 /* ImageGridCell.xib in Resources */,
				F0CD40542A7193770080E013 /* PreviewCell.xib in Resources */,
				F0F7B70B2A671EE3001F39BC /* FilterCell.xib in Resources */,
			);
			runOnlyForDeploymentPostprocessing = 0;
		};
/* End PBXResourcesBuildPhase section */

/* Begin PBXShellScriptBuildPhase section */
		01F4BD7AC17CD1C7CB17BE12 /* [CP] Check Pods Manifest.lock */ = {
			isa = PBXShellScriptBuildPhase;
			buildActionMask = 2147483647;
			files = (
			);
			inputFileListPaths = (
			);
			inputPaths = (
				"${PODS_PODFILE_DIR_PATH}/Podfile.lock",
				"${PODS_ROOT}/Manifest.lock",
			);
			name = "[CP] Check Pods Manifest.lock";
			outputFileListPaths = (
			);
			outputPaths = (
				"$(DERIVED_FILE_DIR)/Pods-Images search-checkManifestLockResult.txt",
			);
			runOnlyForDeploymentPostprocessing = 0;
			shellPath = /bin/sh;
			shellScript = "diff \"${PODS_PODFILE_DIR_PATH}/Podfile.lock\" \"${PODS_ROOT}/Manifest.lock\" > /dev/null\nif [ $? != 0 ] ; then\n    # print error to STDERR\n    echo \"error: The sandbox is not in sync with the Podfile.lock. Run 'pod install' or update your CocoaPods installation.\" >&2\n    exit 1\nfi\n# This output is used by Xcode 'outputs' to avoid re-running this script phase.\necho \"SUCCESS\" > \"${SCRIPT_OUTPUT_FILE_0}\"\n";
			showEnvVarsInLog = 0;
		};
		6EF7B6BFCABF692AB8B01D69 /* [CP] Embed Pods Frameworks */ = {
			isa = PBXShellScriptBuildPhase;
			buildActionMask = 2147483647;
			files = (
			);
			inputFileListPaths = (
				"${PODS_ROOT}/Target Support Files/Pods-Images search/Pods-Images search-frameworks-${CONFIGURATION}-input-files.xcfilelist",
			);
			name = "[CP] Embed Pods Frameworks";
			outputFileListPaths = (
				"${PODS_ROOT}/Target Support Files/Pods-Images search/Pods-Images search-frameworks-${CONFIGURATION}-output-files.xcfilelist",
			);
			runOnlyForDeploymentPostprocessing = 0;
			shellPath = /bin/sh;
			shellScript = "\"${PODS_ROOT}/Target Support Files/Pods-Images search/Pods-Images search-frameworks.sh\"\n";
			showEnvVarsInLog = 0;
		};
/* End PBXShellScriptBuildPhase section */

/* Begin PBXSourcesBuildPhase section */
		F0C9BBCF2A5EA63100C8F5FD /* Sources */ = {
			isa = PBXSourcesBuildPhase;
			buildActionMask = 2147483647;
			files = (
				F0C9BBDB2A5EA63100C8F5FD /* SearchVC.swift in Sources */,
				F0F7B70A2A671EE3001F39BC /* FilterCell.swift in Sources */,
				F088719A2A614FD100161EB7 /* APIService.swift in Sources */,
				F09BCF6C2A5F381600058E42 /* SearchResultsVC.swift in Sources */,
				F0D132332A61CBD10023FBE8 /* SelectImageTypeTableVC.swift in Sources */,
				F09159162A6B0D9D0084CE77 /* BaseVC.swift in Sources */,
				F0C9BBD72A5EA63100C8F5FD /* AppDelegate.swift in Sources */,
				F06B4F112A6F04B9003D6046 /* ImageZoomVC.swift in Sources */,
				F09BCF6E2A5F391B00058E42 /* ImagePageVC.swift in Sources */,
				F0F7B70D2A6817DD001F39BC /* PopoverPresenter.swift in Sources */,
				F0855B652A667BE900405006 /* ImageGridCell.swift in Sources */,
				F0DDB6DA2A65672D00A86BC1 /* SearchManager.swift in Sources */,
				F0C9BBD92A5EA63100C8F5FD /* SceneDelegate.swift in Sources */,
				F08871982A614E2300161EB7 /* PixabayResponse.swift in Sources */,
				F0CD40532A7193770080E013 /* PreviewCell.swift in Sources */,
				F0D132352A65479C0023FBE8 /* ImageCacheService.swift in Sources */,
			);
			runOnlyForDeploymentPostprocessing = 0;
		};
/* End PBXSourcesBuildPhase section */

/* Begin PBXVariantGroup section */
		F0C9BBDC2A5EA63100C8F5FD /* Main.storyboard */ = {
			isa = PBXVariantGroup;
			children = (
				F0C9BBDD2A5EA63100C8F5FD /* Base */,
			);
			name = Main.storyboard;
			sourceTree = "<group>";
		};
		F0C9BBE12A5EA63400C8F5FD /* LaunchScreen.storyboard */ = {
			isa = PBXVariantGroup;
			children = (
				F0C9BBE22A5EA63400C8F5FD /* Base */,
			);
			name = LaunchScreen.storyboard;
			sourceTree = "<group>";
		};
/* End PBXVariantGroup section */

/* Begin XCBuildConfiguration section */
		F0C9BBE52A5EA63400C8F5FD /* Debug */ = {
			isa = XCBuildConfiguration;
			buildSettings = {
				ALWAYS_SEARCH_USER_PATHS = NO;
				CLANG_ANALYZER_NONNULL = YES;
				CLANG_ANALYZER_NUMBER_OBJECT_CONVERSION = YES_AGGRESSIVE;
				CLANG_CXX_LANGUAGE_STANDARD = "gnu++20";
				CLANG_ENABLE_MODULES = YES;
				CLANG_ENABLE_OBJC_ARC = YES;
				CLANG_ENABLE_OBJC_WEAK = YES;
				CLANG_WARN_BLOCK_CAPTURE_AUTORELEASING = YES;
				CLANG_WARN_BOOL_CONVERSION = YES;
				CLANG_WARN_COMMA = YES;
				CLANG_WARN_CONSTANT_CONVERSION = YES;
				CLANG_WARN_DEPRECATED_OBJC_IMPLEMENTATIONS = YES;
				CLANG_WARN_DIRECT_OBJC_ISA_USAGE = YES_ERROR;
				CLANG_WARN_DOCUMENTATION_COMMENTS = YES;
				CLANG_WARN_EMPTY_BODY = YES;
				CLANG_WARN_ENUM_CONVERSION = YES;
				CLANG_WARN_INFINITE_RECURSION = YES;
				CLANG_WARN_INT_CONVERSION = YES;
				CLANG_WARN_NON_LITERAL_NULL_CONVERSION = YES;
				CLANG_WARN_OBJC_IMPLICIT_RETAIN_SELF = YES;
				CLANG_WARN_OBJC_LITERAL_CONVERSION = YES;
				CLANG_WARN_OBJC_ROOT_CLASS = YES_ERROR;
				CLANG_WARN_QUOTED_INCLUDE_IN_FRAMEWORK_HEADER = YES;
				CLANG_WARN_RANGE_LOOP_ANALYSIS = YES;
				CLANG_WARN_STRICT_PROTOTYPES = YES;
				CLANG_WARN_SUSPICIOUS_MOVE = YES;
				CLANG_WARN_UNGUARDED_AVAILABILITY = YES_AGGRESSIVE;
				CLANG_WARN_UNREACHABLE_CODE = YES;
				CLANG_WARN__DUPLICATE_METHOD_MATCH = YES;
				COPY_PHASE_STRIP = NO;
				DEBUG_INFORMATION_FORMAT = dwarf;
				ENABLE_STRICT_OBJC_MSGSEND = YES;
				ENABLE_TESTABILITY = YES;
				GCC_C_LANGUAGE_STANDARD = gnu11;
				GCC_DYNAMIC_NO_PIC = NO;
				GCC_NO_COMMON_BLOCKS = YES;
				GCC_OPTIMIZATION_LEVEL = 0;
				GCC_PREPROCESSOR_DEFINITIONS = (
					"DEBUG=1",
					"$(inherited)",
				);
				GCC_WARN_64_TO_32_BIT_CONVERSION = YES;
				GCC_WARN_ABOUT_RETURN_TYPE = YES_ERROR;
				GCC_WARN_UNDECLARED_SELECTOR = YES;
				GCC_WARN_UNINITIALIZED_AUTOS = YES_AGGRESSIVE;
				GCC_WARN_UNUSED_FUNCTION = YES;
				GCC_WARN_UNUSED_VARIABLE = YES;
				IPHONEOS_DEPLOYMENT_TARGET = 16.2;
				MTL_ENABLE_DEBUG_INFO = INCLUDE_SOURCE;
				MTL_FAST_MATH = YES;
				ONLY_ACTIVE_ARCH = YES;
				SDKROOT = iphoneos;
				SWIFT_ACTIVE_COMPILATION_CONDITIONS = DEBUG;
				SWIFT_OPTIMIZATION_LEVEL = "-Onone";
			};
			name = Debug;
		};
		F0C9BBE62A5EA63400C8F5FD /* Release */ = {
			isa = XCBuildConfiguration;
			buildSettings = {
				ALWAYS_SEARCH_USER_PATHS = NO;
				CLANG_ANALYZER_NONNULL = YES;
				CLANG_ANALYZER_NUMBER_OBJECT_CONVERSION = YES_AGGRESSIVE;
				CLANG_CXX_LANGUAGE_STANDARD = "gnu++20";
				CLANG_ENABLE_MODULES = YES;
				CLANG_ENABLE_OBJC_ARC = YES;
				CLANG_ENABLE_OBJC_WEAK = YES;
				CLANG_WARN_BLOCK_CAPTURE_AUTORELEASING = YES;
				CLANG_WARN_BOOL_CONVERSION = YES;
				CLANG_WARN_COMMA = YES;
				CLANG_WARN_CONSTANT_CONVERSION = YES;
				CLANG_WARN_DEPRECATED_OBJC_IMPLEMENTATIONS = YES;
				CLANG_WARN_DIRECT_OBJC_ISA_USAGE = YES_ERROR;
				CLANG_WARN_DOCUMENTATION_COMMENTS = YES;
				CLANG_WARN_EMPTY_BODY = YES;
				CLANG_WARN_ENUM_CONVERSION = YES;
				CLANG_WARN_INFINITE_RECURSION = YES;
				CLANG_WARN_INT_CONVERSION = YES;
				CLANG_WARN_NON_LITERAL_NULL_CONVERSION = YES;
				CLANG_WARN_OBJC_IMPLICIT_RETAIN_SELF = YES;
				CLANG_WARN_OBJC_LITERAL_CONVERSION = YES;
				CLANG_WARN_OBJC_ROOT_CLASS = YES_ERROR;
				CLANG_WARN_QUOTED_INCLUDE_IN_FRAMEWORK_HEADER = YES;
				CLANG_WARN_RANGE_LOOP_ANALYSIS = YES;
				CLANG_WARN_STRICT_PROTOTYPES = YES;
				CLANG_WARN_SUSPICIOUS_MOVE = YES;
				CLANG_WARN_UNGUARDED_AVAILABILITY = YES_AGGRESSIVE;
				CLANG_WARN_UNREACHABLE_CODE = YES;
				CLANG_WARN__DUPLICATE_METHOD_MATCH = YES;
				COPY_PHASE_STRIP = NO;
				DEBUG_INFORMATION_FORMAT = "dwarf-with-dsym";
				ENABLE_NS_ASSERTIONS = NO;
				ENABLE_STRICT_OBJC_MSGSEND = YES;
				GCC_C_LANGUAGE_STANDARD = gnu11;
				GCC_NO_COMMON_BLOCKS = YES;
				GCC_WARN_64_TO_32_BIT_CONVERSION = YES;
				GCC_WARN_ABOUT_RETURN_TYPE = YES_ERROR;
				GCC_WARN_UNDECLARED_SELECTOR = YES;
				GCC_WARN_UNINITIALIZED_AUTOS = YES_AGGRESSIVE;
				GCC_WARN_UNUSED_FUNCTION = YES;
				GCC_WARN_UNUSED_VARIABLE = YES;
				IPHONEOS_DEPLOYMENT_TARGET = 16.2;
				MTL_ENABLE_DEBUG_INFO = NO;
				MTL_FAST_MATH = YES;
				SDKROOT = iphoneos;
				SWIFT_COMPILATION_MODE = wholemodule;
				SWIFT_OPTIMIZATION_LEVEL = "-O";
				VALIDATE_PRODUCT = YES;
			};
			name = Release;
		};
		F0C9BBE82A5EA63400C8F5FD /* Debug */ = {
			isa = XCBuildConfiguration;
			baseConfigurationReference = 205375BB9877D4340F0B4186 /* Pods-Images search.debug.xcconfig */;
			buildSettings = {
				ASSETCATALOG_COMPILER_APPICON_NAME = AppIcon;
				ASSETCATALOG_COMPILER_GLOBAL_ACCENT_COLOR_NAME = AccentColor;
				CODE_SIGN_STYLE = Automatic;
				CURRENT_PROJECT_VERSION = 1;
				DEVELOPMENT_TEAM = DTNM4439C9;
				GENERATE_INFOPLIST_FILE = YES;
				INFOPLIST_FILE = "Images search/Info.plist";
				INFOPLIST_KEY_UIApplicationSupportsIndirectInputEvents = YES;
				INFOPLIST_KEY_UILaunchStoryboardName = LaunchScreen;
				INFOPLIST_KEY_UIMainStoryboardFile = Main;
				INFOPLIST_KEY_UISupportedInterfaceOrientations_iPad = "UIInterfaceOrientationPortrait UIInterfaceOrientationPortraitUpsideDown UIInterfaceOrientationLandscapeLeft UIInterfaceOrientationLandscapeRight";
				INFOPLIST_KEY_UISupportedInterfaceOrientations_iPhone = "UIInterfaceOrientationPortrait UIInterfaceOrientationLandscapeLeft UIInterfaceOrientationLandscapeRight";
				IPHONEOS_DEPLOYMENT_TARGET = 14.0;
				LD_RUNPATH_SEARCH_PATHS = (
					"$(inherited)",
					"@executable_path/Frameworks",
				);
				MARKETING_VERSION = 1.0;
				PRODUCT_BUNDLE_IDENTIFIER = com.imagessearch.fox;
				PRODUCT_NAME = "$(TARGET_NAME)";
				SUPPORTED_PLATFORMS = "iphoneos iphonesimulator";
				SUPPORTS_MACCATALYST = NO;
				SUPPORTS_MAC_DESIGNED_FOR_IPHONE_IPAD = NO;
				SWIFT_EMIT_LOC_STRINGS = YES;
				SWIFT_VERSION = 5.0;
				TARGETED_DEVICE_FAMILY = "1,2";
			};
			name = Debug;
		};
		F0C9BBE92A5EA63400C8F5FD /* Release */ = {
			isa = XCBuildConfiguration;
			baseConfigurationReference = FADB470C8862F752CBBA8996 /* Pods-Images search.release.xcconfig */;
			buildSettings = {
				ASSETCATALOG_COMPILER_APPICON_NAME = AppIcon;
				ASSETCATALOG_COMPILER_GLOBAL_ACCENT_COLOR_NAME = AccentColor;
				CODE_SIGN_STYLE = Automatic;
				CURRENT_PROJECT_VERSION = 1;
				DEVELOPMENT_TEAM = DTNM4439C9;
				GENERATE_INFOPLIST_FILE = YES;
				INFOPLIST_FILE = "Images search/Info.plist";
				INFOPLIST_KEY_UIApplicationSupportsIndirectInputEvents = YES;
				INFOPLIST_KEY_UILaunchStoryboardName = LaunchScreen;
				INFOPLIST_KEY_UIMainStoryboardFile = Main;
				INFOPLIST_KEY_UISupportedInterfaceOrientations_iPad = "UIInterfaceOrientationPortrait UIInterfaceOrientationPortraitUpsideDown UIInterfaceOrientationLandscapeLeft UIInterfaceOrientationLandscapeRight";
				INFOPLIST_KEY_UISupportedInterfaceOrientations_iPhone = "UIInterfaceOrientationPortrait UIInterfaceOrientationLandscapeLeft UIInterfaceOrientationLandscapeRight";
				IPHONEOS_DEPLOYMENT_TARGET = 14.0;
				LD_RUNPATH_SEARCH_PATHS = (
					"$(inherited)",
					"@executable_path/Frameworks",
				);
				MARKETING_VERSION = 1.0;
				PRODUCT_BUNDLE_IDENTIFIER = com.imagessearch.fox;
				PRODUCT_NAME = "$(TARGET_NAME)";
				SUPPORTED_PLATFORMS = "iphoneos iphonesimulator";
				SUPPORTS_MACCATALYST = NO;
				SUPPORTS_MAC_DESIGNED_FOR_IPHONE_IPAD = NO;
				SWIFT_EMIT_LOC_STRINGS = YES;
				SWIFT_VERSION = 5.0;
				TARGETED_DEVICE_FAMILY = "1,2";
			};
			name = Release;
		};
/* End XCBuildConfiguration section */

/* Begin XCConfigurationList section */
		F0C9BBCE2A5EA63100C8F5FD /* Build configuration list for PBXProject "Images search" */ = {
			isa = XCConfigurationList;
			buildConfigurations = (
				F0C9BBE52A5EA63400C8F5FD /* Debug */,
				F0C9BBE62A5EA63400C8F5FD /* Release */,
			);
			defaultConfigurationIsVisible = 0;
			defaultConfigurationName = Release;
		};
		F0C9BBE72A5EA63400C8F5FD /* Build configuration list for PBXNativeTarget "Images search" */ = {
			isa = XCConfigurationList;
			buildConfigurations = (
				F0C9BBE82A5EA63400C8F5FD /* Debug */,
				F0C9BBE92A5EA63400C8F5FD /* Release */,
			);
			defaultConfigurationIsVisible = 0;
			defaultConfigurationName = Release;
		};
/* End XCConfigurationList section */
	};
	rootObject = F0C9BBCB2A5EA63100C8F5FD /* Project object */;
}
